
Microsoft Visual Studio Solution File, Format Version 12.00
# Visual Studio 15
VisualStudioVersion = 15.0.26124.0
MinimumVisualStudioVersion = 15.0.26124.0
Project("{FAE04EC0-301F-11D3-BF4B-00C04F79EFBC}") = "BS", "BS\BS.csproj", "{10DAB67B-7678-44D1-BE31-D2BC9A7C518F}"
EndProject
Project("{FAE04EC0-301F-11D3-BF4B-00C04F79EFBC}") = "BS.UnitTest", "BS.UnitTest\BS.UnitTest.csproj", "{F89A77A1-D8D8-4850-BCF2-FF82A3A1EC88}"
EndProject
Global
	GlobalSection(SolutionConfigurationPlatforms) = preSolution
		Debug|Any CPU = Debug|Any CPU
		Debug|x64 = Debug|x64
		Debug|x86 = Debug|x86
		Release|Any CPU = Release|Any CPU
		Release|x64 = Release|x64
		Release|x86 = Release|x86
	EndGlobalSection
	GlobalSection(SolutionProperties) = preSolution
		HideSolutionNode = FALSE
	EndGlobalSection
	GlobalSection(ProjectConfigurationPlatforms) = postSolution
		{10DAB67B-7678-44D1-BE31-D2BC9A7C518F}.Debug|Any CPU.ActiveCfg = Debug|Any CPU
		{10DAB67B-7678-44D1-BE31-D2BC9A7C518F}.Debug|Any CPU.Build.0 = Debug|Any CPU
		{10DAB67B-7678-44D1-BE31-D2BC9A7C518F}.Debug|x64.ActiveCfg = Debug|Any CPU
		{10DAB67B-7678-44D1-BE31-D2BC9A7C518F}.Debug|x64.Build.0 = Debug|Any CPU
		{10DAB67B-7678-44D1-BE31-D2BC9A7C518F}.Debug|x86.ActiveCfg = Debug|Any CPU
		{10DAB67B-7678-44D1-BE31-D2BC9A7C518F}.Debug|x86.Build.0 = Debug|Any CPU
		{10DAB67B-7678-44D1-BE31-D2BC9A7C518F}.Release|Any CPU.ActiveCfg = Release|Any CPU
		{10DAB67B-7678-44D1-BE31-D2BC9A7C518F}.Release|Any CPU.Build.0 = Release|Any CPU
		{10DAB67B-7678-44D1-BE31-D2BC9A7C518F}.Release|x64.ActiveCfg = Release|Any CPU
		{10DAB67B-7678-44D1-BE31-D2BC9A7C518F}.Release|x64.Build.0 = Release|Any CPU
		{10DAB67B-7678-44D1-BE31-D2BC9A7C518F}.Release|x86.ActiveCfg = Release|Any CPU
		{10DAB67B-7678-44D1-BE31-D2BC9A7C518F}.Release|x86.Build.0 = Release|Any CPU
		{F89A77A1-D8D8-4850-BCF2-FF82A3A1EC88}.Debug|Any CPU.ActiveCfg = Debug|Any CPU
		{F89A77A1-D8D8-4850-BCF2-FF82A3A1EC88}.Debug|Any CPU.Build.0 = Debug|Any CPU
		{F89A77A1-D8D8-4850-BCF2-FF82A3A1EC88}.Debug|x64.ActiveCfg = Debug|Any CPU
		{F89A77A1-D8D8-4850-BCF2-FF82A3A1EC88}.Debug|x64.Build.0 = Debug|Any CPU
		{F89A77A1-D8D8-4850-BCF2-FF82A3A1EC88}.Debug|x86.ActiveCfg = Debug|Any CPU
		{F89A77A1-D8D8-4850-BCF2-FF82A3A1EC88}.Debug|x86.Build.0 = Debug|Any CPU
		{F89A77A1-D8D8-4850-BCF2-FF82A3A1EC88}.Release|Any CPU.ActiveCfg = Release|Any CPU
		{F89A77A1-D8D8-4850-BCF2-FF82A3A1EC88}.Release|Any CPU.Build.0 = Release|Any CPU
		{F89A77A1-D8D8-4850-BCF2-FF82A3A1EC88}.Release|x64.ActiveCfg = Release|Any CPU
		{F89A77A1-D8D8-4850-BCF2-FF82A3A1EC88}.Release|x64.Build.0 = Release|Any CPU
		{F89A77A1-D8D8-4850-BCF2-FF82A3A1EC88}.Release|x86.ActiveCfg = Release|Any CPU
		{F89A77A1-D8D8-4850-BCF2-FF82A3A1EC88}.Release|x86.Build.0 = Release|Any CPU
	EndGlobalSection
EndGlobal
