
Microsoft Visual Studio Solution File, Format Version 12.00
# Visual Studio 15
VisualStudioVersion = 15.0.26124.0
MinimumVisualStudioVersion = 15.0.26124.0
Project("{FAE04EC0-301F-11D3-BF4B-00C04F79EFBC}") = "BS.UnitTest", "BS.UnitTest\BS.UnitTest.csproj", "{17970EF7-025A-4F31-B272-01D9B8684958}"
EndProject
Project("{FAE04EC0-301F-11D3-BF4B-00C04F79EFBC}") = "BS", "BS\BS.csproj", "{24C0BDDB-B364-4413-9C25-A8FB9AD52278}"
EndProject
Global
	GlobalSection(SolutionProperties) = preSolution
		HideSolutionNode = FALSE
	EndGlobalSection
	GlobalSection(SolutionConfigurationPlatforms) = preSolution
		Debug|Any CPU = Debug|Any CPU
		Debug|x64 = Debug|x64
		Debug|x86 = Debug|x86
		Release|Any CPU = Release|Any CPU
		Release|x64 = Release|x64
		Release|x86 = Release|x86
	EndGlobalSection
	GlobalSection(ProjectConfigurationPlatforms) = postSolution
		{17970EF7-025A-4F31-B272-01D9B8684958}.Debug|Any CPU.ActiveCfg = Debug|Any CPU
		{17970EF7-025A-4F31-B272-01D9B8684958}.Debug|Any CPU.Build.0 = Debug|Any CPU
		{17970EF7-025A-4F31-B272-01D9B8684958}.Debug|x64.ActiveCfg = Debug|Any CPU
		{17970EF7-025A-4F31-B272-01D9B8684958}.Debug|x64.Build.0 = Debug|Any CPU
		{17970EF7-025A-4F31-B272-01D9B8684958}.Debug|x86.ActiveCfg = Debug|Any CPU
		{17970EF7-025A-4F31-B272-01D9B8684958}.Debug|x86.Build.0 = Debug|Any CPU
		{17970EF7-025A-4F31-B272-01D9B8684958}.Release|Any CPU.ActiveCfg = Release|Any CPU
		{17970EF7-025A-4F31-B272-01D9B8684958}.Release|Any CPU.Build.0 = Release|Any CPU
		{17970EF7-025A-4F31-B272-01D9B8684958}.Release|x64.ActiveCfg = Release|Any CPU
		{17970EF7-025A-4F31-B272-01D9B8684958}.Release|x64.Build.0 = Release|Any CPU
		{17970EF7-025A-4F31-B272-01D9B8684958}.Release|x86.ActiveCfg = Release|Any CPU
		{17970EF7-025A-4F31-B272-01D9B8684958}.Release|x86.Build.0 = Release|Any CPU
		{24C0BDDB-B364-4413-9C25-A8FB9AD52278}.Debug|Any CPU.ActiveCfg = Debug|Any CPU
		{24C0BDDB-B364-4413-9C25-A8FB9AD52278}.Debug|Any CPU.Build.0 = Debug|Any CPU
		{24C0BDDB-B364-4413-9C25-A8FB9AD52278}.Debug|x64.ActiveCfg = Debug|Any CPU
		{24C0BDDB-B364-4413-9C25-A8FB9AD52278}.Debug|x64.Build.0 = Debug|Any CPU
		{24C0BDDB-B364-4413-9C25-A8FB9AD52278}.Debug|x86.ActiveCfg = Debug|Any CPU
		{24C0BDDB-B364-4413-9C25-A8FB9AD52278}.Debug|x86.Build.0 = Debug|Any CPU
		{24C0BDDB-B364-4413-9C25-A8FB9AD52278}.Release|Any CPU.ActiveCfg = Release|Any CPU
		{24C0BDDB-B364-4413-9C25-A8FB9AD52278}.Release|Any CPU.Build.0 = Release|Any CPU
		{24C0BDDB-B364-4413-9C25-A8FB9AD52278}.Release|x64.ActiveCfg = Release|Any CPU
		{24C0BDDB-B364-4413-9C25-A8FB9AD52278}.Release|x64.Build.0 = Release|Any CPU
		{24C0BDDB-B364-4413-9C25-A8FB9AD52278}.Release|x86.ActiveCfg = Release|Any CPU
		{24C0BDDB-B364-4413-9C25-A8FB9AD52278}.Release|x86.Build.0 = Release|Any CPU
	EndGlobalSection
EndGlobal
